
Microsoft Visual Studio Solution File, Format Version 12.00
# Visual Studio Version 17
VisualStudioVersion = 17.14.36603.0 d17.14
MinimumVisualStudioVersion = 10.0.40219.1
Project("{8BC9CEB8-8B4A-11D0-8D11-00A0C91BC942}") = "ex8", "ex8.vcxproj", "{424A687E-F6DF-467A-BC18-09907AB497BA}"
EndProject
Global
	GlobalSection(SolutionConfigurationPlatforms) = preSolution
		Debug|x64 = Debug|x64
		Debug|x86 = Debug|x86
		Release|x64 = Release|x64
		Release|x86 = Release|x86
	EndGlobalSection
	GlobalSection(ProjectConfigurationPlatforms) = postSolution
		{424A687E-F6DF-467A-BC18-09907AB497BA}.Debug|x64.ActiveCfg = Debug|x64
		{424A687E-F6DF-467A-BC18-09907AB497BA}.Debug|x64.Build.0 = Debug|x64
		{424A687E-F6DF-467A-BC18-09907AB497BA}.Debug|x86.ActiveCfg = Debug|Win32
		{424A687E-F6DF-467A-BC18-09907AB497BA}.Debug|x86.Build.0 = Debug|Win32
		{424A687E-F6DF-467A-BC18-09907AB497BA}.Release|x64.ActiveCfg = Release|x64
		{424A687E-F6DF-467A-BC18-09907AB497BA}.Release|x64.Build.0 = Release|x64
		{424A687E-F6DF-467A-BC18-09907AB497BA}.Release|x86.ActiveCfg = Release|Win32
		{424A687E-F6DF-467A-BC18-09907AB497BA}.Release|x86.Build.0 = Release|Win32
	EndGlobalSection
	GlobalSection(SolutionProperties) = preSolution
		HideSolutionNode = FALSE
	EndGlobalSection
	GlobalSection(ExtensibilityGlobals) = postSolution
		SolutionGuid = {BE4B04D9-7EB6-49C5-B183-0068ED7C9674}
	EndGlobalSection
EndGlobal
